
Microsoft Visual Studio Solution File, Format Version 12.00
# Visual Studio Version 16
VisualStudioVersion = 16.0.30503.244
MinimumVisualStudioVersion = 10.0.40219.1
Project("{FAE04EC0-301F-11D3-BF4B-00C04F79EFBC}") = "Parallel_For", "Parallel_For\Parallel_For.csproj", "{2540D292-99A0-4402-A799-58CECEA09124}"
EndProject
Global
	GlobalSection(SolutionConfigurationPlatforms) = preSolution
		Debug|Any CPU = Debug|Any CPU
		Release|Any CPU = Release|Any CPU
	EndGlobalSection
	GlobalSection(ProjectConfigurationPlatforms) = postSolution
		{2540D292-99A0-4402-A799-58CECEA09124}.Debug|Any CPU.ActiveCfg = Debug|Any CPU
		{2540D292-99A0-4402-A799-58CECEA09124}.Debug|Any CPU.Build.0 = Debug|Any CPU
		{2540D292-99A0-4402-A799-58CECEA09124}.Release|Any CPU.ActiveCfg = Release|Any CPU
		{2540D292-99A0-4402-A799-58CECEA09124}.Release|Any CPU.Build.0 = Release|Any CPU
	EndGlobalSection
	GlobalSection(SolutionProperties) = preSolution
		HideSolutionNode = FALSE
	EndGlobalSection
	GlobalSection(ExtensibilityGlobals) = postSolution
		SolutionGuid = {2B00C18D-8AED-445E-9561-DD55D51E5672}
	EndGlobalSection
EndGlobal
